
Microsoft Visual Studio Solution File, Format Version 12.00
Project("{FAE04EC0-301F-11D3-BF4B-00C04F79EFBC}") = "dotnet-site-project", "dotnet-site-project\dotnet-site-project.csproj", "{73D97B6C-581B-4024-A1EC-CF1149E295EF}"
EndProject
Project("{FAE04EC0-301F-11D3-BF4B-00C04F79EFBC}") = "dotnet-site-project.services", "dotnet-site-project.services\dotnet-site-project.services.csproj", "{90444680-3446-4D5D-A0A5-16DE61AE83DD}"
EndProject
Global
	GlobalSection(SolutionConfigurationPlatforms) = preSolution
		Debug|Any CPU = Debug|Any CPU
		Release|Any CPU = Release|Any CPU
	EndGlobalSection
	GlobalSection(ProjectConfigurationPlatforms) = postSolution
		{73D97B6C-581B-4024-A1EC-CF1149E295EF}.Debug|Any CPU.ActiveCfg = Debug|Any CPU
		{73D97B6C-581B-4024-A1EC-CF1149E295EF}.Debug|Any CPU.Build.0 = Debug|Any CPU
		{73D97B6C-581B-4024-A1EC-CF1149E295EF}.Release|Any CPU.ActiveCfg = Release|Any CPU
		{73D97B6C-581B-4024-A1EC-CF1149E295EF}.Release|Any CPU.Build.0 = Release|Any CPU
		{90444680-3446-4D5D-A0A5-16DE61AE83DD}.Debug|Any CPU.ActiveCfg = Debug|Any CPU
		{90444680-3446-4D5D-A0A5-16DE61AE83DD}.Debug|Any CPU.Build.0 = Debug|Any CPU
		{90444680-3446-4D5D-A0A5-16DE61AE83DD}.Release|Any CPU.ActiveCfg = Release|Any CPU
		{90444680-3446-4D5D-A0A5-16DE61AE83DD}.Release|Any CPU.Build.0 = Release|Any CPU
	EndGlobalSection
EndGlobal
